
Microsoft Visual Studio Solution File, Format Version 12.00
# Visual Studio Version 17
VisualStudioVersion = 17.0.31903.59
MinimumVisualStudioVersion = 10.0.40219.1
Project("{2150E333-8FDC-42A3-9474-1A3956D46DE8}") = "src", "src", "{34E12CBE-263F-40B8-B1AE-5B0AF788BC6A}"
EndProject
Project("{FAE04EC0-301F-11D3-BF4B-00C04F79EFBC}") = "Layers.Services", "src\Layers.Services\Layers.Services.csproj", "{D8D15557-0F84-4479-85E8-5A21CF686992}"
EndProject
Project("{FAE04EC0-301F-11D3-BF4B-00C04F79EFBC}") = "Layers.DAL", "src\Layers.DAL\Layers.DAL.csproj", "{E492A7D9-771D-4710-910C-3EFF663BB420}"
EndProject
Project("{FAE04EC0-301F-11D3-BF4B-00C04F79EFBC}") = "Layers.Dto", "src\Layers.Dto\Layers.Dto.csproj", "{0B78ADDE-72E6-474D-B5FB-B5EF1043AA7F}"
EndProject
Project("{FAE04EC0-301F-11D3-BF4B-00C04F79EFBC}") = "Layers.Interfaces", "src\Layers.Interfaces\Layers.Interfaces.csproj", "{716B4CE3-CBF1-43F7-8538-A4E67083078E}"
EndProject
Project("{FAE04EC0-301F-11D3-BF4B-00C04F79EFBC}") = "Layers.Models", "src\Layers.Models\Layers.Models.csproj", "{AC2F2152-F819-41AC-87FC-319C369634AC}"
EndProject
Project("{FAE04EC0-301F-11D3-BF4B-00C04F79EFBC}") = "Layers.WebApi", "src\Layers.WebApi\Layers.WebApi.csproj", "{A4A8FC98-94B3-4F97-B8FD-E99513960248}"
EndProject
Project("{2150E333-8FDC-42A3-9474-1A3956D46DE8}") = "tests", "tests", "{7C8852D6-5C99-4BFF-80AE-B381A8D92699}"
EndProject
Project("{FAE04EC0-301F-11D3-BF4B-00C04F79EFBC}") = "Layers.Services.UnitTests", "tests\Layers.Services.UnitTests\Layers.Services.UnitTests.csproj", "{7384C0CB-676A-4BFA-AEA8-D9E2DFC07EF5}"
EndProject
Global
	GlobalSection(SolutionProperties) = preSolution
		HideSolutionNode = FALSE
	EndGlobalSection
	GlobalSection(SolutionConfigurationPlatforms) = preSolution
		Debug|Any CPU = Debug|Any CPU
		Debug|x64 = Debug|x64
		Debug|x86 = Debug|x86
		Release|Any CPU = Release|Any CPU
		Release|x64 = Release|x64
		Release|x86 = Release|x86
	EndGlobalSection
	GlobalSection(ProjectConfigurationPlatforms) = postSolution
		{D8D15557-0F84-4479-85E8-5A21CF686992}.Debug|Any CPU.ActiveCfg = Debug|Any CPU
		{D8D15557-0F84-4479-85E8-5A21CF686992}.Debug|Any CPU.Build.0 = Debug|Any CPU
		{D8D15557-0F84-4479-85E8-5A21CF686992}.Debug|x64.ActiveCfg = Debug|Any CPU
		{D8D15557-0F84-4479-85E8-5A21CF686992}.Debug|x64.Build.0 = Debug|Any CPU
		{D8D15557-0F84-4479-85E8-5A21CF686992}.Debug|x86.ActiveCfg = Debug|Any CPU
		{D8D15557-0F84-4479-85E8-5A21CF686992}.Debug|x86.Build.0 = Debug|Any CPU
		{D8D15557-0F84-4479-85E8-5A21CF686992}.Release|Any CPU.ActiveCfg = Release|Any CPU
		{D8D15557-0F84-4479-85E8-5A21CF686992}.Release|Any CPU.Build.0 = Release|Any CPU
		{D8D15557-0F84-4479-85E8-5A21CF686992}.Release|x64.ActiveCfg = Release|Any CPU
		{D8D15557-0F84-4479-85E8-5A21CF686992}.Release|x64.Build.0 = Release|Any CPU
		{D8D15557-0F84-4479-85E8-5A21CF686992}.Release|x86.ActiveCfg = Release|Any CPU
		{D8D15557-0F84-4479-85E8-5A21CF686992}.Release|x86.Build.0 = Release|Any CPU
		{E492A7D9-771D-4710-910C-3EFF663BB420}.Debug|Any CPU.ActiveCfg = Debug|Any CPU
		{E492A7D9-771D-4710-910C-3EFF663BB420}.Debug|Any CPU.Build.0 = Debug|Any CPU
		{E492A7D9-771D-4710-910C-3EFF663BB420}.Debug|x64.ActiveCfg = Debug|Any CPU
		{E492A7D9-771D-4710-910C-3EFF663BB420}.Debug|x64.Build.0 = Debug|Any CPU
		{E492A7D9-771D-4710-910C-3EFF663BB420}.Debug|x86.ActiveCfg = Debug|Any CPU
		{E492A7D9-771D-4710-910C-3EFF663BB420}.Debug|x86.Build.0 = Debug|Any CPU
		{E492A7D9-771D-4710-910C-3EFF663BB420}.Release|Any CPU.ActiveCfg = Release|Any CPU
		{E492A7D9-771D-4710-910C-3EFF663BB420}.Release|Any CPU.Build.0 = Release|Any CPU
		{E492A7D9-771D-4710-910C-3EFF663BB420}.Release|x64.ActiveCfg = Release|Any CPU
		{E492A7D9-771D-4710-910C-3EFF663BB420}.Release|x64.Build.0 = Release|Any CPU
		{E492A7D9-771D-4710-910C-3EFF663BB420}.Release|x86.ActiveCfg = Release|Any CPU
		{E492A7D9-771D-4710-910C-3EFF663BB420}.Release|x86.Build.0 = Release|Any CPU
		{0B78ADDE-72E6-474D-B5FB-B5EF1043AA7F}.Debug|Any CPU.ActiveCfg = Debug|Any CPU
		{0B78ADDE-72E6-474D-B5FB-B5EF1043AA7F}.Debug|Any CPU.Build.0 = Debug|Any CPU
		{0B78ADDE-72E6-474D-B5FB-B5EF1043AA7F}.Debug|x64.ActiveCfg = Debug|Any CPU
		{0B78ADDE-72E6-474D-B5FB-B5EF1043AA7F}.Debug|x64.Build.0 = Debug|Any CPU
		{0B78ADDE-72E6-474D-B5FB-B5EF1043AA7F}.Debug|x86.ActiveCfg = Debug|Any CPU
		{0B78ADDE-72E6-474D-B5FB-B5EF1043AA7F}.Debug|x86.Build.0 = Debug|Any CPU
		{0B78ADDE-72E6-474D-B5FB-B5EF1043AA7F}.Release|Any CPU.ActiveCfg = Release|Any CPU
		{0B78ADDE-72E6-474D-B5FB-B5EF1043AA7F}.Release|Any CPU.Build.0 = Release|Any CPU
		{0B78ADDE-72E6-474D-B5FB-B5EF1043AA7F}.Release|x64.ActiveCfg = Release|Any CPU
		{0B78ADDE-72E6-474D-B5FB-B5EF1043AA7F}.Release|x64.Build.0 = Release|Any CPU
		{0B78ADDE-72E6-474D-B5FB-B5EF1043AA7F}.Release|x86.ActiveCfg = Release|Any CPU
		{0B78ADDE-72E6-474D-B5FB-B5EF1043AA7F}.Release|x86.Build.0 = Release|Any CPU
		{716B4CE3-CBF1-43F7-8538-A4E67083078E}.Debug|Any CPU.ActiveCfg = Debug|Any CPU
		{716B4CE3-CBF1-43F7-8538-A4E67083078E}.Debug|Any CPU.Build.0 = Debug|Any CPU
		{716B4CE3-CBF1-43F7-8538-A4E67083078E}.Debug|x64.ActiveCfg = Debug|Any CPU
		{716B4CE3-CBF1-43F7-8538-A4E67083078E}.Debug|x64.Build.0 = Debug|Any CPU
		{716B4CE3-CBF1-43F7-8538-A4E67083078E}.Debug|x86.ActiveCfg = Debug|Any CPU
		{716B4CE3-CBF1-43F7-8538-A4E67083078E}.Debug|x86.Build.0 = Debug|Any CPU
		{716B4CE3-CBF1-43F7-8538-A4E67083078E}.Release|Any CPU.ActiveCfg = Release|Any CPU
		{716B4CE3-CBF1-43F7-8538-A4E67083078E}.Release|Any CPU.Build.0 = Release|Any CPU
		{716B4CE3-CBF1-43F7-8538-A4E67083078E}.Release|x64.ActiveCfg = Release|Any CPU
		{716B4CE3-CBF1-43F7-8538-A4E67083078E}.Release|x64.Build.0 = Release|Any CPU
		{716B4CE3-CBF1-43F7-8538-A4E67083078E}.Release|x86.ActiveCfg = Release|Any CPU
		{716B4CE3-CBF1-43F7-8538-A4E67083078E}.Release|x86.Build.0 = Release|Any CPU
		{AC2F2152-F819-41AC-87FC-319C369634AC}.Debug|Any CPU.ActiveCfg = Debug|Any CPU
		{AC2F2152-F819-41AC-87FC-319C369634AC}.Debug|Any CPU.Build.0 = Debug|Any CPU
		{AC2F2152-F819-41AC-87FC-319C369634AC}.Debug|x64.ActiveCfg = Debug|Any CPU
		{AC2F2152-F819-41AC-87FC-319C369634AC}.Debug|x64.Build.0 = Debug|Any CPU
		{AC2F2152-F819-41AC-87FC-319C369634AC}.Debug|x86.ActiveCfg = Debug|Any CPU
		{AC2F2152-F819-41AC-87FC-319C369634AC}.Debug|x86.Build.0 = Debug|Any CPU
		{AC2F2152-F819-41AC-87FC-319C369634AC}.Release|Any CPU.ActiveCfg = Release|Any CPU
		{AC2F2152-F819-41AC-87FC-319C369634AC}.Release|Any CPU.Build.0 = Release|Any CPU
		{AC2F2152-F819-41AC-87FC-319C369634AC}.Release|x64.ActiveCfg = Release|Any CPU
		{AC2F2152-F819-41AC-87FC-319C369634AC}.Release|x64.Build.0 = Release|Any CPU
		{AC2F2152-F819-41AC-87FC-319C369634AC}.Release|x86.ActiveCfg = Release|Any CPU
		{AC2F2152-F819-41AC-87FC-319C369634AC}.Release|x86.Build.0 = Release|Any CPU
		{A4A8FC98-94B3-4F97-B8FD-E99513960248}.Debug|Any CPU.ActiveCfg = Debug|Any CPU
		{A4A8FC98-94B3-4F97-B8FD-E99513960248}.Debug|Any CPU.Build.0 = Debug|Any CPU
		{A4A8FC98-94B3-4F97-B8FD-E99513960248}.Debug|x64.ActiveCfg = Debug|Any CPU
		{A4A8FC98-94B3-4F97-B8FD-E99513960248}.Debug|x64.Build.0 = Debug|Any CPU
		{A4A8FC98-94B3-4F97-B8FD-E99513960248}.Debug|x86.ActiveCfg = Debug|Any CPU
		{A4A8FC98-94B3-4F97-B8FD-E99513960248}.Debug|x86.Build.0 = Debug|Any CPU
		{A4A8FC98-94B3-4F97-B8FD-E99513960248}.Release|Any CPU.ActiveCfg = Release|Any CPU
		{A4A8FC98-94B3-4F97-B8FD-E99513960248}.Release|Any CPU.Build.0 = Release|Any CPU
		{A4A8FC98-94B3-4F97-B8FD-E99513960248}.Release|x64.ActiveCfg = Release|Any CPU
		{A4A8FC98-94B3-4F97-B8FD-E99513960248}.Release|x64.Build.0 = Release|Any CPU
		{A4A8FC98-94B3-4F97-B8FD-E99513960248}.Release|x86.ActiveCfg = Release|Any CPU
		{A4A8FC98-94B3-4F97-B8FD-E99513960248}.Release|x86.Build.0 = Release|Any CPU
		{7384C0CB-676A-4BFA-AEA8-D9E2DFC07EF5}.Debug|Any CPU.ActiveCfg = Debug|Any CPU
		{7384C0CB-676A-4BFA-AEA8-D9E2DFC07EF5}.Debug|Any CPU.Build.0 = Debug|Any CPU
		{7384C0CB-676A-4BFA-AEA8-D9E2DFC07EF5}.Debug|x64.ActiveCfg = Debug|Any CPU
		{7384C0CB-676A-4BFA-AEA8-D9E2DFC07EF5}.Debug|x64.Build.0 = Debug|Any CPU
		{7384C0CB-676A-4BFA-AEA8-D9E2DFC07EF5}.Debug|x86.ActiveCfg = Debug|Any CPU
		{7384C0CB-676A-4BFA-AEA8-D9E2DFC07EF5}.Debug|x86.Build.0 = Debug|Any CPU
		{7384C0CB-676A-4BFA-AEA8-D9E2DFC07EF5}.Release|Any CPU.ActiveCfg = Release|Any CPU
		{7384C0CB-676A-4BFA-AEA8-D9E2DFC07EF5}.Release|Any CPU.Build.0 = Release|Any CPU
		{7384C0CB-676A-4BFA-AEA8-D9E2DFC07EF5}.Release|x64.ActiveCfg = Release|Any CPU
		{7384C0CB-676A-4BFA-AEA8-D9E2DFC07EF5}.Release|x64.Build.0 = Release|Any CPU
		{7384C0CB-676A-4BFA-AEA8-D9E2DFC07EF5}.Release|x86.ActiveCfg = Release|Any CPU
		{7384C0CB-676A-4BFA-AEA8-D9E2DFC07EF5}.Release|x86.Build.0 = Release|Any CPU
	EndGlobalSection
	GlobalSection(NestedProjects) = preSolution
		{D8D15557-0F84-4479-85E8-5A21CF686992} = {34E12CBE-263F-40B8-B1AE-5B0AF788BC6A}
		{E492A7D9-771D-4710-910C-3EFF663BB420} = {34E12CBE-263F-40B8-B1AE-5B0AF788BC6A}
		{0B78ADDE-72E6-474D-B5FB-B5EF1043AA7F} = {34E12CBE-263F-40B8-B1AE-5B0AF788BC6A}
		{716B4CE3-CBF1-43F7-8538-A4E67083078E} = {34E12CBE-263F-40B8-B1AE-5B0AF788BC6A}
		{AC2F2152-F819-41AC-87FC-319C369634AC} = {34E12CBE-263F-40B8-B1AE-5B0AF788BC6A}
		{A4A8FC98-94B3-4F97-B8FD-E99513960248} = {34E12CBE-263F-40B8-B1AE-5B0AF788BC6A}
		{7384C0CB-676A-4BFA-AEA8-D9E2DFC07EF5} = {7C8852D6-5C99-4BFF-80AE-B381A8D92699}
	EndGlobalSection
EndGlobal
