
Microsoft Visual Studio Solution File, Format Version 12.00
# Visual Studio Version 17
VisualStudioVersion = 17.0.31903.59
MinimumVisualStudioVersion = 10.0.40219.1
Project("{2150E333-8FDC-42A3-9474-1A3956D46DE8}") = "src", "src", "{A9BADB99-CB2F-4DC9-BCE6-0195791F3F02}"
EndProject
Project("{2150E333-8FDC-42A3-9474-1A3956D46DE8}") = "auth", "auth", "{A4C28924-5CD3-4DF4-9006-DFFA88C78A71}"
EndProject
Project("{FAE04EC0-301F-11D3-BF4B-00C04F79EFBC}") = "Auth.WebApi", "src\auth\Auth.WebApi\Auth.WebApi.csproj", "{B14D53EB-21C1-4B5B-9927-FDC73630B4D1}"
EndProject
Project("{2150E333-8FDC-42A3-9474-1A3956D46DE8}") = "Layer", "Layer", "{1CA58CC0-7150-4AAD-8FDF-1C19D2118A4B}"
EndProject
Project("{FAE04EC0-301F-11D3-BF4B-00C04F79EFBC}") = "Layers.DAL", "src\Layer\Layers.DAL\Layers.DAL.csproj", "{63D90347-BA44-4E36-8441-0640678E65F0}"
EndProject
Project("{FAE04EC0-301F-11D3-BF4B-00C04F79EFBC}") = "Layers.Dto", "src\Layer\Layers.Dto\Layers.Dto.csproj", "{A1F43ECE-156D-4C17-BD3E-11B54F48A437}"
EndProject
Project("{FAE04EC0-301F-11D3-BF4B-00C04F79EFBC}") = "Layers.Interfaces", "src\Layer\Layers.Interfaces\Layers.Interfaces.csproj", "{BB11B7C6-7484-46BD-AF19-A430BA9B8C1D}"
EndProject
Project("{FAE04EC0-301F-11D3-BF4B-00C04F79EFBC}") = "Layers.Models", "src\Layer\Layers.Models\Layers.Models.csproj", "{20D83943-BE16-4A72-AA4A-EFAACD3A8230}"
EndProject
Project("{FAE04EC0-301F-11D3-BF4B-00C04F79EFBC}") = "Layers.Services", "src\Layer\Layers.Services\Layers.Services.csproj", "{FBC49742-9F61-4E73-8843-4B547C6EE2E4}"
EndProject
Project("{FAE04EC0-301F-11D3-BF4B-00C04F79EFBC}") = "Layers.WebApi", "src\Layer\Layers.WebApi\Layers.WebApi.csproj", "{61FBF271-4979-4D7C-9CE4-684B87CD8856}"
EndProject
Project("{2150E333-8FDC-42A3-9474-1A3956D46DE8}") = "tests", "tests", "{5F7A0959-0D41-47E6-8985-B8815F7D2BE7}"
EndProject
Project("{FAE04EC0-301F-11D3-BF4B-00C04F79EFBC}") = "Layers.Services.UnitTests", "tests\Layers.Services.UnitTests\Layers.Services.UnitTests.csproj", "{E9FFA036-D69B-48F2-BEEE-874ADFF5F430}"
EndProject
Global
	GlobalSection(SolutionProperties) = preSolution
		HideSolutionNode = FALSE
	EndGlobalSection
	GlobalSection(SolutionConfigurationPlatforms) = preSolution
		Debug|Any CPU = Debug|Any CPU
		Debug|x64 = Debug|x64
		Debug|x86 = Debug|x86
		Release|Any CPU = Release|Any CPU
		Release|x64 = Release|x64
		Release|x86 = Release|x86
	EndGlobalSection
	GlobalSection(ProjectConfigurationPlatforms) = postSolution
		{B14D53EB-21C1-4B5B-9927-FDC73630B4D1}.Debug|Any CPU.ActiveCfg = Debug|Any CPU
		{B14D53EB-21C1-4B5B-9927-FDC73630B4D1}.Debug|Any CPU.Build.0 = Debug|Any CPU
		{B14D53EB-21C1-4B5B-9927-FDC73630B4D1}.Debug|x64.ActiveCfg = Debug|Any CPU
		{B14D53EB-21C1-4B5B-9927-FDC73630B4D1}.Debug|x64.Build.0 = Debug|Any CPU
		{B14D53EB-21C1-4B5B-9927-FDC73630B4D1}.Debug|x86.ActiveCfg = Debug|Any CPU
		{B14D53EB-21C1-4B5B-9927-FDC73630B4D1}.Debug|x86.Build.0 = Debug|Any CPU
		{B14D53EB-21C1-4B5B-9927-FDC73630B4D1}.Release|Any CPU.ActiveCfg = Release|Any CPU
		{B14D53EB-21C1-4B5B-9927-FDC73630B4D1}.Release|Any CPU.Build.0 = Release|Any CPU
		{B14D53EB-21C1-4B5B-9927-FDC73630B4D1}.Release|x64.ActiveCfg = Release|Any CPU
		{B14D53EB-21C1-4B5B-9927-FDC73630B4D1}.Release|x64.Build.0 = Release|Any CPU
		{B14D53EB-21C1-4B5B-9927-FDC73630B4D1}.Release|x86.ActiveCfg = Release|Any CPU
		{B14D53EB-21C1-4B5B-9927-FDC73630B4D1}.Release|x86.Build.0 = Release|Any CPU
		{63D90347-BA44-4E36-8441-0640678E65F0}.Debug|Any CPU.ActiveCfg = Debug|Any CPU
		{63D90347-BA44-4E36-8441-0640678E65F0}.Debug|Any CPU.Build.0 = Debug|Any CPU
		{63D90347-BA44-4E36-8441-0640678E65F0}.Debug|x64.ActiveCfg = Debug|Any CPU
		{63D90347-BA44-4E36-8441-0640678E65F0}.Debug|x64.Build.0 = Debug|Any CPU
		{63D90347-BA44-4E36-8441-0640678E65F0}.Debug|x86.ActiveCfg = Debug|Any CPU
		{63D90347-BA44-4E36-8441-0640678E65F0}.Debug|x86.Build.0 = Debug|Any CPU
		{63D90347-BA44-4E36-8441-0640678E65F0}.Release|Any CPU.ActiveCfg = Release|Any CPU
		{63D90347-BA44-4E36-8441-0640678E65F0}.Release|Any CPU.Build.0 = Release|Any CPU
		{63D90347-BA44-4E36-8441-0640678E65F0}.Release|x64.ActiveCfg = Release|Any CPU
		{63D90347-BA44-4E36-8441-0640678E65F0}.Release|x64.Build.0 = Release|Any CPU
		{63D90347-BA44-4E36-8441-0640678E65F0}.Release|x86.ActiveCfg = Release|Any CPU
		{63D90347-BA44-4E36-8441-0640678E65F0}.Release|x86.Build.0 = Release|Any CPU
		{A1F43ECE-156D-4C17-BD3E-11B54F48A437}.Debug|Any CPU.ActiveCfg = Debug|Any CPU
		{A1F43ECE-156D-4C17-BD3E-11B54F48A437}.Debug|Any CPU.Build.0 = Debug|Any CPU
		{A1F43ECE-156D-4C17-BD3E-11B54F48A437}.Debug|x64.ActiveCfg = Debug|Any CPU
		{A1F43ECE-156D-4C17-BD3E-11B54F48A437}.Debug|x64.Build.0 = Debug|Any CPU
		{A1F43ECE-156D-4C17-BD3E-11B54F48A437}.Debug|x86.ActiveCfg = Debug|Any CPU
		{A1F43ECE-156D-4C17-BD3E-11B54F48A437}.Debug|x86.Build.0 = Debug|Any CPU
		{A1F43ECE-156D-4C17-BD3E-11B54F48A437}.Release|Any CPU.ActiveCfg = Release|Any CPU
		{A1F43ECE-156D-4C17-BD3E-11B54F48A437}.Release|Any CPU.Build.0 = Release|Any CPU
		{A1F43ECE-156D-4C17-BD3E-11B54F48A437}.Release|x64.ActiveCfg = Release|Any CPU
		{A1F43ECE-156D-4C17-BD3E-11B54F48A437}.Release|x64.Build.0 = Release|Any CPU
		{A1F43ECE-156D-4C17-BD3E-11B54F48A437}.Release|x86.ActiveCfg = Release|Any CPU
		{A1F43ECE-156D-4C17-BD3E-11B54F48A437}.Release|x86.Build.0 = Release|Any CPU
		{BB11B7C6-7484-46BD-AF19-A430BA9B8C1D}.Debug|Any CPU.ActiveCfg = Debug|Any CPU
		{BB11B7C6-7484-46BD-AF19-A430BA9B8C1D}.Debug|Any CPU.Build.0 = Debug|Any CPU
		{BB11B7C6-7484-46BD-AF19-A430BA9B8C1D}.Debug|x64.ActiveCfg = Debug|Any CPU
		{BB11B7C6-7484-46BD-AF19-A430BA9B8C1D}.Debug|x64.Build.0 = Debug|Any CPU
		{BB11B7C6-7484-46BD-AF19-A430BA9B8C1D}.Debug|x86.ActiveCfg = Debug|Any CPU
		{BB11B7C6-7484-46BD-AF19-A430BA9B8C1D}.Debug|x86.Build.0 = Debug|Any CPU
		{BB11B7C6-7484-46BD-AF19-A430BA9B8C1D}.Release|Any CPU.ActiveCfg = Release|Any CPU
		{BB11B7C6-7484-46BD-AF19-A430BA9B8C1D}.Release|Any CPU.Build.0 = Release|Any CPU
		{BB11B7C6-7484-46BD-AF19-A430BA9B8C1D}.Release|x64.ActiveCfg = Release|Any CPU
		{BB11B7C6-7484-46BD-AF19-A430BA9B8C1D}.Release|x64.Build.0 = Release|Any CPU
		{BB11B7C6-7484-46BD-AF19-A430BA9B8C1D}.Release|x86.ActiveCfg = Release|Any CPU
		{BB11B7C6-7484-46BD-AF19-A430BA9B8C1D}.Release|x86.Build.0 = Release|Any CPU
		{20D83943-BE16-4A72-AA4A-EFAACD3A8230}.Debug|Any CPU.ActiveCfg = Debug|Any CPU
		{20D83943-BE16-4A72-AA4A-EFAACD3A8230}.Debug|Any CPU.Build.0 = Debug|Any CPU
		{20D83943-BE16-4A72-AA4A-EFAACD3A8230}.Debug|x64.ActiveCfg = Debug|Any CPU
		{20D83943-BE16-4A72-AA4A-EFAACD3A8230}.Debug|x64.Build.0 = Debug|Any CPU
		{20D83943-BE16-4A72-AA4A-EFAACD3A8230}.Debug|x86.ActiveCfg = Debug|Any CPU
		{20D83943-BE16-4A72-AA4A-EFAACD3A8230}.Debug|x86.Build.0 = Debug|Any CPU
		{20D83943-BE16-4A72-AA4A-EFAACD3A8230}.Release|Any CPU.ActiveCfg = Release|Any CPU
		{20D83943-BE16-4A72-AA4A-EFAACD3A8230}.Release|Any CPU.Build.0 = Release|Any CPU
		{20D83943-BE16-4A72-AA4A-EFAACD3A8230}.Release|x64.ActiveCfg = Release|Any CPU
		{20D83943-BE16-4A72-AA4A-EFAACD3A8230}.Release|x64.Build.0 = Release|Any CPU
		{20D83943-BE16-4A72-AA4A-EFAACD3A8230}.Release|x86.ActiveCfg = Release|Any CPU
		{20D83943-BE16-4A72-AA4A-EFAACD3A8230}.Release|x86.Build.0 = Release|Any CPU
		{FBC49742-9F61-4E73-8843-4B547C6EE2E4}.Debug|Any CPU.ActiveCfg = Debug|Any CPU
		{FBC49742-9F61-4E73-8843-4B547C6EE2E4}.Debug|Any CPU.Build.0 = Debug|Any CPU
		{FBC49742-9F61-4E73-8843-4B547C6EE2E4}.Debug|x64.ActiveCfg = Debug|Any CPU
		{FBC49742-9F61-4E73-8843-4B547C6EE2E4}.Debug|x64.Build.0 = Debug|Any CPU
		{FBC49742-9F61-4E73-8843-4B547C6EE2E4}.Debug|x86.ActiveCfg = Debug|Any CPU
		{FBC49742-9F61-4E73-8843-4B547C6EE2E4}.Debug|x86.Build.0 = Debug|Any CPU
		{FBC49742-9F61-4E73-8843-4B547C6EE2E4}.Release|Any CPU.ActiveCfg = Release|Any CPU
		{FBC49742-9F61-4E73-8843-4B547C6EE2E4}.Release|Any CPU.Build.0 = Release|Any CPU
		{FBC49742-9F61-4E73-8843-4B547C6EE2E4}.Release|x64.ActiveCfg = Release|Any CPU
		{FBC49742-9F61-4E73-8843-4B547C6EE2E4}.Release|x64.Build.0 = Release|Any CPU
		{FBC49742-9F61-4E73-8843-4B547C6EE2E4}.Release|x86.ActiveCfg = Release|Any CPU
		{FBC49742-9F61-4E73-8843-4B547C6EE2E4}.Release|x86.Build.0 = Release|Any CPU
		{61FBF271-4979-4D7C-9CE4-684B87CD8856}.Debug|Any CPU.ActiveCfg = Debug|Any CPU
		{61FBF271-4979-4D7C-9CE4-684B87CD8856}.Debug|Any CPU.Build.0 = Debug|Any CPU
		{61FBF271-4979-4D7C-9CE4-684B87CD8856}.Debug|x64.ActiveCfg = Debug|Any CPU
		{61FBF271-4979-4D7C-9CE4-684B87CD8856}.Debug|x64.Build.0 = Debug|Any CPU
		{61FBF271-4979-4D7C-9CE4-684B87CD8856}.Debug|x86.ActiveCfg = Debug|Any CPU
		{61FBF271-4979-4D7C-9CE4-684B87CD8856}.Debug|x86.Build.0 = Debug|Any CPU
		{61FBF271-4979-4D7C-9CE4-684B87CD8856}.Release|Any CPU.ActiveCfg = Release|Any CPU
		{61FBF271-4979-4D7C-9CE4-684B87CD8856}.Release|Any CPU.Build.0 = Release|Any CPU
		{61FBF271-4979-4D7C-9CE4-684B87CD8856}.Release|x64.ActiveCfg = Release|Any CPU
		{61FBF271-4979-4D7C-9CE4-684B87CD8856}.Release|x64.Build.0 = Release|Any CPU
		{61FBF271-4979-4D7C-9CE4-684B87CD8856}.Release|x86.ActiveCfg = Release|Any CPU
		{61FBF271-4979-4D7C-9CE4-684B87CD8856}.Release|x86.Build.0 = Release|Any CPU
		{E9FFA036-D69B-48F2-BEEE-874ADFF5F430}.Debug|Any CPU.ActiveCfg = Debug|Any CPU
		{E9FFA036-D69B-48F2-BEEE-874ADFF5F430}.Debug|Any CPU.Build.0 = Debug|Any CPU
		{E9FFA036-D69B-48F2-BEEE-874ADFF5F430}.Debug|x64.ActiveCfg = Debug|Any CPU
		{E9FFA036-D69B-48F2-BEEE-874ADFF5F430}.Debug|x64.Build.0 = Debug|Any CPU
		{E9FFA036-D69B-48F2-BEEE-874ADFF5F430}.Debug|x86.ActiveCfg = Debug|Any CPU
		{E9FFA036-D69B-48F2-BEEE-874ADFF5F430}.Debug|x86.Build.0 = Debug|Any CPU
		{E9FFA036-D69B-48F2-BEEE-874ADFF5F430}.Release|Any CPU.ActiveCfg = Release|Any CPU
		{E9FFA036-D69B-48F2-BEEE-874ADFF5F430}.Release|Any CPU.Build.0 = Release|Any CPU
		{E9FFA036-D69B-48F2-BEEE-874ADFF5F430}.Release|x64.ActiveCfg = Release|Any CPU
		{E9FFA036-D69B-48F2-BEEE-874ADFF5F430}.Release|x64.Build.0 = Release|Any CPU
		{E9FFA036-D69B-48F2-BEEE-874ADFF5F430}.Release|x86.ActiveCfg = Release|Any CPU
		{E9FFA036-D69B-48F2-BEEE-874ADFF5F430}.Release|x86.Build.0 = Release|Any CPU
	EndGlobalSection
	GlobalSection(NestedProjects) = preSolution
		{A4C28924-5CD3-4DF4-9006-DFFA88C78A71} = {A9BADB99-CB2F-4DC9-BCE6-0195791F3F02}
		{B14D53EB-21C1-4B5B-9927-FDC73630B4D1} = {A4C28924-5CD3-4DF4-9006-DFFA88C78A71}
		{1CA58CC0-7150-4AAD-8FDF-1C19D2118A4B} = {A9BADB99-CB2F-4DC9-BCE6-0195791F3F02}
		{63D90347-BA44-4E36-8441-0640678E65F0} = {1CA58CC0-7150-4AAD-8FDF-1C19D2118A4B}
		{A1F43ECE-156D-4C17-BD3E-11B54F48A437} = {1CA58CC0-7150-4AAD-8FDF-1C19D2118A4B}
		{BB11B7C6-7484-46BD-AF19-A430BA9B8C1D} = {1CA58CC0-7150-4AAD-8FDF-1C19D2118A4B}
		{20D83943-BE16-4A72-AA4A-EFAACD3A8230} = {1CA58CC0-7150-4AAD-8FDF-1C19D2118A4B}
		{FBC49742-9F61-4E73-8843-4B547C6EE2E4} = {1CA58CC0-7150-4AAD-8FDF-1C19D2118A4B}
		{61FBF271-4979-4D7C-9CE4-684B87CD8856} = {1CA58CC0-7150-4AAD-8FDF-1C19D2118A4B}
		{E9FFA036-D69B-48F2-BEEE-874ADFF5F430} = {5F7A0959-0D41-47E6-8985-B8815F7D2BE7}
	EndGlobalSection
EndGlobal
