
Microsoft Visual Studio Solution File, Format Version 12.00
# Visual Studio Version 17
VisualStudioVersion = 17.0.31903.59
MinimumVisualStudioVersion = 10.0.40219.1
Project("{2150E333-8FDC-42A3-9474-1A3956D46DE8}") = "src", "src", "{0F19CA42-D11D-4E0D-84E1-7B3EF827939B}"
EndProject
Project("{FAE04EC0-301F-11D3-BF4B-00C04F79EFBC}") = "Auth.WebApi", "src\Auth.WebApi\Auth.WebApi.csproj", "{DB1CF208-50FC-4D4D-9C48-619D3312B9C9}"
EndProject
Global
	GlobalSection(SolutionConfigurationPlatforms) = preSolution
		Debug|Any CPU = Debug|Any CPU
		Release|Any CPU = Release|Any CPU
	EndGlobalSection
	GlobalSection(SolutionProperties) = preSolution
		HideSolutionNode = FALSE
	EndGlobalSection
	GlobalSection(ProjectConfigurationPlatforms) = postSolution
		{DB1CF208-50FC-4D4D-9C48-619D3312B9C9}.Debug|Any CPU.ActiveCfg = Debug|Any CPU
		{DB1CF208-50FC-4D4D-9C48-619D3312B9C9}.Debug|Any CPU.Build.0 = Debug|Any CPU
		{DB1CF208-50FC-4D4D-9C48-619D3312B9C9}.Release|Any CPU.ActiveCfg = Release|Any CPU
		{DB1CF208-50FC-4D4D-9C48-619D3312B9C9}.Release|Any CPU.Build.0 = Release|Any CPU
	EndGlobalSection
	GlobalSection(NestedProjects) = preSolution
		{DB1CF208-50FC-4D4D-9C48-619D3312B9C9} = {0F19CA42-D11D-4E0D-84E1-7B3EF827939B}
	EndGlobalSection
EndGlobal
